
Microsoft Visual Studio Solution File, Format Version 12.00
# Visual Studio Version 16
VisualStudioVersion = 16.0.30320.27
MinimumVisualStudioVersion = 10.0.40219.1
Project("{FAE04EC0-301F-11D3-BF4B-00C04F79EFBC}") = "RustFurnaceCalculator", "RustFurnaceCalculator2\RustFurnaceCalculator.csproj", "{51BE6CBA-D463-44DD-AF4A-A80D050F61D7}"
EndProject
Project("{840C416C-B8F3-42BC-B0DD-F6BB14C9F8CB}") = "Rust Furnace Calculator Installer", "Rust Furnace Calculator Installer\Rust Furnace Calculator Installer.aiproj", "{9067DF54-4C8B-40C5-B22E-8707D1001A24}"
EndProject
Global
	GlobalSection(SolutionConfigurationPlatforms) = preSolution
		All|Any CPU = All|Any CPU
		Debug|Any CPU = Debug|Any CPU
		Release|Any CPU = Release|Any CPU
	EndGlobalSection
	GlobalSection(ProjectConfigurationPlatforms) = postSolution
		{51BE6CBA-D463-44DD-AF4A-A80D050F61D7}.All|Any CPU.ActiveCfg = Release|Any CPU
		{51BE6CBA-D463-44DD-AF4A-A80D050F61D7}.All|Any CPU.Build.0 = Release|Any CPU
		{51BE6CBA-D463-44DD-AF4A-A80D050F61D7}.Debug|Any CPU.ActiveCfg = Debug|Any CPU
		{51BE6CBA-D463-44DD-AF4A-A80D050F61D7}.Debug|Any CPU.Build.0 = Debug|Any CPU
		{51BE6CBA-D463-44DD-AF4A-A80D050F61D7}.Release|Any CPU.ActiveCfg = Release|Any CPU
		{51BE6CBA-D463-44DD-AF4A-A80D050F61D7}.Release|Any CPU.Build.0 = Release|Any CPU
		{9067DF54-4C8B-40C5-B22E-8707D1001A24}.All|Any CPU.ActiveCfg = DefaultBuild
		{9067DF54-4C8B-40C5-B22E-8707D1001A24}.All|Any CPU.Build.0 = DefaultBuild
		{9067DF54-4C8B-40C5-B22E-8707D1001A24}.Debug|Any CPU.ActiveCfg = DefaultBuild
		{9067DF54-4C8B-40C5-B22E-8707D1001A24}.Debug|Any CPU.Build.0 = DefaultBuild
		{9067DF54-4C8B-40C5-B22E-8707D1001A24}.Release|Any CPU.ActiveCfg = DefaultBuild
		{9067DF54-4C8B-40C5-B22E-8707D1001A24}.Release|Any CPU.Build.0 = DefaultBuild
	EndGlobalSection
	GlobalSection(SolutionProperties) = preSolution
		HideSolutionNode = FALSE
	EndGlobalSection
	GlobalSection(ExtensibilityGlobals) = postSolution
		SolutionGuid = {D761D3EC-F213-4090-A285-62997796C06E}
	EndGlobalSection
EndGlobal
